Microsoft Visual Studio Solution File, Format Version 12.00
# Visual Studio 2012
Project("{FAE04EC0-301F-11D3-BF4B-00C04F79EFBC}") = "proyecto computacion grafica", "proyecto computacion grafica.csproj", "{628B7374-44C9-444E-BF6D-C732C5CABF46}"
EndProject
Global
	GlobalSection(SolutionConfigurationPlatforms) = preSolution
	Debug|Any CPU = Debug|Any CPU
	ExportDebug|Any CPU = ExportDebug|Any CPU
	ExportRelease|Any CPU = ExportRelease|Any CPU
	EndGlobalSection
	GlobalSection(ProjectConfigurationPlatforms) = postSolution
		{628B7374-44C9-444E-BF6D-C732C5CABF46}.Debug|Any CPU.ActiveCfg = Debug|Any CPU
		{628B7374-44C9-444E-BF6D-C732C5CABF46}.Debug|Any CPU.Build.0 = Debug|Any CPU
		{628B7374-44C9-444E-BF6D-C732C5CABF46}.ExportDebug|Any CPU.ActiveCfg = ExportDebug|Any CPU
		{628B7374-44C9-444E-BF6D-C732C5CABF46}.ExportDebug|Any CPU.Build.0 = ExportDebug|Any CPU
		{628B7374-44C9-444E-BF6D-C732C5CABF46}.ExportRelease|Any CPU.ActiveCfg = ExportRelease|Any CPU
		{628B7374-44C9-444E-BF6D-C732C5CABF46}.ExportRelease|Any CPU.Build.0 = ExportRelease|Any CPU
	EndGlobalSection
EndGlobal
